
Microsoft Visual Studio Solution File, Format Version 12.00
# Visual Studio Version 17
VisualStudioVersion = 17.9.34728.123
MinimumVisualStudioVersion = 10.0.40219.1
Project("{FAE04EC0-301F-11D3-BF4B-00C04F79EFBC}") = "WpfApp4", "WpfApp4\WpfApp4.csproj", "{F647F563-EC7C-410B-AF33-CA5A74FE8C27}"
EndProject
Global
	GlobalSection(SolutionConfigurationPlatforms) = preSolution
		Debug|Any CPU = Debug|Any CPU
		Release|Any CPU = Release|Any CPU
	EndGlobalSection
	GlobalSection(ProjectConfigurationPlatforms) = postSolution
		{F647F563-EC7C-410B-AF33-CA5A74FE8C27}.Debug|Any CPU.ActiveCfg = Debug|Any CPU
		{F647F563-EC7C-410B-AF33-CA5A74FE8C27}.Debug|Any CPU.Build.0 = Debug|Any CPU
		{F647F563-EC7C-410B-AF33-CA5A74FE8C27}.Release|Any CPU.ActiveCfg = Release|Any CPU
		{F647F563-EC7C-410B-AF33-CA5A74FE8C27}.Release|Any CPU.Build.0 = Release|Any CPU
	EndGlobalSection
	GlobalSection(SolutionProperties) = preSolution
		HideSolutionNode = FALSE
	EndGlobalSection
	GlobalSection(ExtensibilityGlobals) = postSolution
		SolutionGuid = {2282649F-2AB7-4F0B-9498-7DB7413B4454}
	EndGlobalSection
EndGlobal
